
Microsoft Visual Studio Solution File, Format Version 12.00
# Visual Studio Version 16
VisualStudioVersion = 16.0.29709.97
MinimumVisualStudioVersion = 10.0.40219.1
Project("{9A19103F-16F7-4668-BE54-9A1E7A4F7556}") = "yenoMoG.Armura.API", "yenoMoG.Armura.API\yenoMoG.Armura.API.csproj", "{2124F11E-5312-447C-A41B-7B70F4681A4B}"
EndProject
Project("{9A19103F-16F7-4668-BE54-9A1E7A4F7556}") = "yenoMoG.Armura.Application.Command", "yenoMoG.Armura.Application.Command\yenoMoG.Armura.Application.Command.csproj", "{2217EE67-3293-423F-8E7E-6E9424AD28E6}"
EndProject
Project("{FAE04EC0-301F-11D3-BF4B-00C04F79EFBC}") = "yenoMoG.Armura.Domain", "yenoMoG.Armura.Domain\yenoMoG.Armura.Domain.csproj", "{582E02D3-CA40-4B5D-9CFB-7DC45EC3FDCA}"
EndProject
Global
	GlobalSection(SolutionConfigurationPlatforms) = preSolution
		Debug|Any CPU = Debug|Any CPU
		Release|Any CPU = Release|Any CPU
	EndGlobalSection
	GlobalSection(ProjectConfigurationPlatforms) = postSolution
		{2124F11E-5312-447C-A41B-7B70F4681A4B}.Debug|Any CPU.ActiveCfg = Debug|Any CPU
		{2124F11E-5312-447C-A41B-7B70F4681A4B}.Debug|Any CPU.Build.0 = Debug|Any CPU
		{2124F11E-5312-447C-A41B-7B70F4681A4B}.Release|Any CPU.ActiveCfg = Release|Any CPU
		{2124F11E-5312-447C-A41B-7B70F4681A4B}.Release|Any CPU.Build.0 = Release|Any CPU
		{2217EE67-3293-423F-8E7E-6E9424AD28E6}.Debug|Any CPU.ActiveCfg = Debug|Any CPU
		{2217EE67-3293-423F-8E7E-6E9424AD28E6}.Debug|Any CPU.Build.0 = Debug|Any CPU
		{2217EE67-3293-423F-8E7E-6E9424AD28E6}.Release|Any CPU.ActiveCfg = Release|Any CPU
		{2217EE67-3293-423F-8E7E-6E9424AD28E6}.Release|Any CPU.Build.0 = Release|Any CPU
		{582E02D3-CA40-4B5D-9CFB-7DC45EC3FDCA}.Debug|Any CPU.ActiveCfg = Debug|Any CPU
		{582E02D3-CA40-4B5D-9CFB-7DC45EC3FDCA}.Debug|Any CPU.Build.0 = Debug|Any CPU
		{582E02D3-CA40-4B5D-9CFB-7DC45EC3FDCA}.Release|Any CPU.ActiveCfg = Release|Any CPU
		{582E02D3-CA40-4B5D-9CFB-7DC45EC3FDCA}.Release|Any CPU.Build.0 = Release|Any CPU
	EndGlobalSection
	GlobalSection(SolutionProperties) = preSolution
		HideSolutionNode = FALSE
	EndGlobalSection
	GlobalSection(ExtensibilityGlobals) = postSolution
		SolutionGuid = {3ECCFA22-D3D3-4404-9EF3-2E8252DF71C1}
	EndGlobalSection
EndGlobal
